
Microsoft Visual Studio Solution File, Format Version 12.00
# Visual Studio Version 16
VisualStudioVersion = 16.0.31729.503
MinimumVisualStudioVersion = 10.0.40219.1
Project("{FAE04EC0-301F-11D3-BF4B-00C04F79EFBC}") = "SignUpBackend", "SignUpBackend\SignUpBackend.csproj", "{A5DA7653-C574-4F26-99A5-3D4A8FA6ACFD}"
EndProject
Global
	GlobalSection(SolutionConfigurationPlatforms) = preSolution
		Debug|Any CPU = Debug|Any CPU
		Release|Any CPU = Release|Any CPU
	EndGlobalSection
	GlobalSection(ProjectConfigurationPlatforms) = postSolution
		{A5DA7653-C574-4F26-99A5-3D4A8FA6ACFD}.Debug|Any CPU.ActiveCfg = Debug|Any CPU
		{A5DA7653-C574-4F26-99A5-3D4A8FA6ACFD}.Debug|Any CPU.Build.0 = Debug|Any CPU
		{A5DA7653-C574-4F26-99A5-3D4A8FA6ACFD}.Release|Any CPU.ActiveCfg = Release|Any CPU
		{A5DA7653-C574-4F26-99A5-3D4A8FA6ACFD}.Release|Any CPU.Build.0 = Release|Any CPU
	EndGlobalSection
	GlobalSection(SolutionProperties) = preSolution
		HideSolutionNode = FALSE
	EndGlobalSection
	GlobalSection(ExtensibilityGlobals) = postSolution
		SolutionGuid = {5F85DB2E-0CB5-44B9-B425-02873B1F2D60}
	EndGlobalSection
EndGlobal
